
Microsoft Visual Studio Solution File, Format Version 12.00
# Visual Studio Version 17
VisualStudioVersion = 17.13.35913.81 d17.13
MinimumVisualStudioVersion = 10.0.40219.1
Project("{FAE04EC0-301F-11D3-BF4B-00C04F79EFBC}") = "FodaseNet", "FodaseNet.csproj", "{0C7FDBB7-4CBD-416E-A453-001FB9A529A2}"
EndProject
Global
	GlobalSection(SolutionConfigurationPlatforms) = preSolution
		Debug|Any CPU = Debug|Any CPU
		Release|Any CPU = Release|Any CPU
	EndGlobalSection
	GlobalSection(ProjectConfigurationPlatforms) = postSolution
		{0C7FDBB7-4CBD-416E-A453-001FB9A529A2}.Debug|Any CPU.ActiveCfg = Debug|Any CPU
		{0C7FDBB7-4CBD-416E-A453-001FB9A529A2}.Debug|Any CPU.Build.0 = Debug|Any CPU
		{0C7FDBB7-4CBD-416E-A453-001FB9A529A2}.Release|Any CPU.ActiveCfg = Release|Any CPU
		{0C7FDBB7-4CBD-416E-A453-001FB9A529A2}.Release|Any CPU.Build.0 = Release|Any CPU
	EndGlobalSection
	GlobalSection(SolutionProperties) = preSolution
		HideSolutionNode = FALSE
	EndGlobalSection
	GlobalSection(ExtensibilityGlobals) = postSolution
		SolutionGuid = {C0E6DBD8-3D47-4D2B-BFFA-A3AA55E577CF}
	EndGlobalSection
EndGlobal
